
Microsoft Visual Studio Solution File, Format Version 12.00
# Visual Studio Version 16
VisualStudioVersion = 16.0.30907.101
MinimumVisualStudioVersion = 10.0.40219.1
Project("{FAE04EC0-301F-11D3-BF4B-00C04F79EFBC}") = "WebDemoFunctions.Web", "WebDemoFunctions.Web\WebDemoFunctions.Web.csproj", "{5B299400-3727-43C1-9B2D-E43BEEC49EC9}"
EndProject
Global
	GlobalSection(SolutionConfigurationPlatforms) = preSolution
		Debug|Any CPU = Debug|Any CPU
		Release|Any CPU = Release|Any CPU
	EndGlobalSection
	GlobalSection(ProjectConfigurationPlatforms) = postSolution
		{5B299400-3727-43C1-9B2D-E43BEEC49EC9}.Debug|Any CPU.ActiveCfg = Debug|Any CPU
		{5B299400-3727-43C1-9B2D-E43BEEC49EC9}.Debug|Any CPU.Build.0 = Debug|Any CPU
		{5B299400-3727-43C1-9B2D-E43BEEC49EC9}.Release|Any CPU.ActiveCfg = Release|Any CPU
		{5B299400-3727-43C1-9B2D-E43BEEC49EC9}.Release|Any CPU.Build.0 = Release|Any CPU
	EndGlobalSection
	GlobalSection(SolutionProperties) = preSolution
		HideSolutionNode = FALSE
	EndGlobalSection
	GlobalSection(ExtensibilityGlobals) = postSolution
		SolutionGuid = {AAC12EBA-9E74-46B7-9752-46856C35DC60}
	EndGlobalSection
EndGlobal
